
Microsoft Visual Studio Solution File, Format Version 12.00
# Visual Studio Version 17
VisualStudioVersion = 17.8.34408.163
MinimumVisualStudioVersion = 10.0.40219.1
Project("{9A19103F-16F7-4668-BE54-9A1E7A4F7556}") = "Vehicle Registration System", "Vehicle Registration System\Vehicle Registration System.csproj", "{B44DBEA0-EFB1-44B1-AA66-A8E7B4500A5C}"
EndProject
Project("{FAE04EC0-301F-11D3-BF4B-00C04F79EFBC}") = "VehicleRegistrationSystemTests", "VehicleRegistrationSystemTests\VehicleRegistrationSystemTests.csproj", "{05748669-D123-4FF7-9CFF-1F294718F551}"
EndProject
Global
	GlobalSection(SolutionConfigurationPlatforms) = preSolution
		Debug|Any CPU = Debug|Any CPU
		Release|Any CPU = Release|Any CPU
	EndGlobalSection
	GlobalSection(ProjectConfigurationPlatforms) = postSolution
		{B44DBEA0-EFB1-44B1-AA66-A8E7B4500A5C}.Debug|Any CPU.ActiveCfg = Debug|Any CPU
		{B44DBEA0-EFB1-44B1-AA66-A8E7B4500A5C}.Debug|Any CPU.Build.0 = Debug|Any CPU
		{B44DBEA0-EFB1-44B1-AA66-A8E7B4500A5C}.Release|Any CPU.ActiveCfg = Release|Any CPU
		{B44DBEA0-EFB1-44B1-AA66-A8E7B4500A5C}.Release|Any CPU.Build.0 = Release|Any CPU
		{05748669-D123-4FF7-9CFF-1F294718F551}.Debug|Any CPU.ActiveCfg = Debug|Any CPU
		{05748669-D123-4FF7-9CFF-1F294718F551}.Debug|Any CPU.Build.0 = Debug|Any CPU
		{05748669-D123-4FF7-9CFF-1F294718F551}.Release|Any CPU.ActiveCfg = Release|Any CPU
		{05748669-D123-4FF7-9CFF-1F294718F551}.Release|Any CPU.Build.0 = Release|Any CPU
	EndGlobalSection
	GlobalSection(SolutionProperties) = preSolution
		HideSolutionNode = FALSE
	EndGlobalSection
	GlobalSection(ExtensibilityGlobals) = postSolution
		SolutionGuid = {930527FE-168F-4FE3-80B8-7DE7EDAA643F}
	EndGlobalSection
EndGlobal
